
Microsoft Visual Studio Solution File, Format Version 12.00
# Visual Studio Version 17
VisualStudioVersion = 17.7.34031.279
MinimumVisualStudioVersion = 10.0.40219.1
Project("{FAE04EC0-301F-11D3-BF4B-00C04F79EFBC}") = "Tumakov_Lab_5", "Tumakov_Lab_5\Tumakov_Lab_5.csproj", "{41C2C900-08FD-4E9D-8415-73C0C34D6341}"
EndProject
Project("{FAE04EC0-301F-11D3-BF4B-00C04F79EFBC}") = "Creative_DZ", "Creative_DZ\Creative_DZ.csproj", "{651EC3B8-8036-49BB-AC1A-76620C284A13}"
EndProject
Global
	GlobalSection(SolutionConfigurationPlatforms) = preSolution
		Debug|Any CPU = Debug|Any CPU
		Release|Any CPU = Release|Any CPU
	EndGlobalSection
	GlobalSection(ProjectConfigurationPlatforms) = postSolution
		{41C2C900-08FD-4E9D-8415-73C0C34D6341}.Debug|Any CPU.ActiveCfg = Debug|Any CPU
		{41C2C900-08FD-4E9D-8415-73C0C34D6341}.Debug|Any CPU.Build.0 = Debug|Any CPU
		{41C2C900-08FD-4E9D-8415-73C0C34D6341}.Release|Any CPU.ActiveCfg = Release|Any CPU
		{41C2C900-08FD-4E9D-8415-73C0C34D6341}.Release|Any CPU.Build.0 = Release|Any CPU
		{651EC3B8-8036-49BB-AC1A-76620C284A13}.Debug|Any CPU.ActiveCfg = Debug|Any CPU
		{651EC3B8-8036-49BB-AC1A-76620C284A13}.Debug|Any CPU.Build.0 = Debug|Any CPU
		{651EC3B8-8036-49BB-AC1A-76620C284A13}.Release|Any CPU.ActiveCfg = Release|Any CPU
		{651EC3B8-8036-49BB-AC1A-76620C284A13}.Release|Any CPU.Build.0 = Release|Any CPU
	EndGlobalSection
	GlobalSection(SolutionProperties) = preSolution
		HideSolutionNode = FALSE
	EndGlobalSection
	GlobalSection(ExtensibilityGlobals) = postSolution
		SolutionGuid = {D6C81E9B-FCEA-4BFE-ADC0-552A4FE5E785}
	EndGlobalSection
EndGlobal
